// !$*UTF8*$!
{
	archiveVersion = 1;
	classes = {
	};
	objectVersion = 46;
	objects = {

/* Begin PBXBuildFile section */
		738649901C88572D0048827C /* main.m in Sources */ = {isa = PBXBuildFile; fileRef = 7386498F1C88572D0048827C /* main.m */; };
		738649931C88572D0048827C /* AppDelegate.m in Sources */ = {isa = PBXBuildFile; fileRef = 738649921C88572D0048827C /* AppDelegate.m */; };
		738649961C88572D0048827C /* ViewController.m in Sources */ = {isa = PBXBuildFile; fileRef = 738649951C88572D0048827C /* ViewController.m */; };
		738649991C88572D0048827C /* Main.storyboard in Resources */ = {isa = PBXBuildFile; fileRef = 738649971C88572D0048827C /* Main.storyboard */; };
		7386499B1C88572D0048827C /* Assets.xcassets in Resources */ = {isa = PBXBuildFile; fileRef = 7386499A1C88572D0048827C /* Assets.xcassets */; };
		7386499E1C88572D0048827C /* LaunchScreen.storyboard in Resources */ = {isa = PBXBuildFile; fileRef = 7386499C1C88572D0048827C /* LaunchScreen.storyboard */; };
		738649A91C88572D0048827C /* ObjectiveCtrainingTests.m in Sources */ = {isa = PBXBuildFile; fileRef = 738649A81C88572D0048827C /* ObjectiveCtrainingTests.m */; };
		738649B41C88572D0048827C /* ObjectiveCtrainingUITests.m in Sources */ = {isa = PBXBuildFile; fileRef = 738649B31C88572D0048827C /* ObjectiveCtrainingUITests.m */; };
		73AC08001C96FAFE00606472 /* Album.m in Sources */ = {isa = PBXBuildFile; fileRef = 73AC07FF1C96FAFE00606472 /* Album.m */; };
		73EB7D6A1C99AAA50056B9E1 /* AlbumDataController.m in Sources */ = {isa = PBXBuildFile; fileRef = 73EB7D691C99AAA50056B9E1 /* AlbumDataController.m */; };
/* End PBXBuildFile section */

/* Begin PBXContainerItemProxy section */
		738649A51C88572D0048827C /* PBXContainerItemProxy */ = {
			isa = PBXContainerItemProxy;
			containerPortal = 738649831C88572C0048827C /* Project object */;
			proxyType = 1;
			remoteGlobalIDString = 7386498A1C88572C0048827C;
			remoteInfo = ObjectiveCtraining;
		};
		738649B01C88572D0048827C /* PBXContainerItemProxy */ = {
			isa = PBXContainerItemProxy;
			containerPortal = 738649831C88572C0048827C /* Project object */;
			proxyType = 1;
			remoteGlobalIDString = 7386498A1C88572C0048827C;
			remoteInfo = ObjectiveCtraining;
		};
/* End PBXContainerItemProxy section */

/* Begin PBXFileReference section */
		7386498B1C88572D0048827C /* ObjectiveCtraining.app */ = {isa = PBXFileReference; explicitFileType = wrapper.application; includeInIndex = 0; path = ObjectiveCtraining.app; sourceTree = BUILT_PRODUCTS_DIR; };
		7386498F1C88572D0048827C /* main.m */ = {isa = PBXFileReference; lastKnownFileType = sourcecode.c.objc; path = main.m; sourceTree = "<group>"; };
		738649911C88572D0048827C /* AppDelegate.h */ = {isa = PBXFileReference; lastKnownFileType = sourcecode.c.h; path = AppDelegate.h; sourceTree = "<group>"; };
		738649921C88572D0048827C /* AppDelegate.m */ = {isa = PBXFileReference; lastKnownFileType = sourcecode.c.objc; path = AppDelegate.m; sourceTree = "<group>"; };
		738649941C88572D0048827C /* ViewController.h */ = {isa = PBXFileReference; lastKnownFileType = sourcecode.c.h; path = ViewController.h; sourceTree = "<group>"; };
		738649951C88572D0048827C /* ViewController.m */ = {isa = PBXFileReference; lastKnownFileType = sourcecode.c.objc; path = ViewController.m; sourceTree = "<group>"; };
		738649981C88572D0048827C /* Base */ = {isa = PBXFileReference; lastKnownFileType = file.storyboard; name = Base; path = Base.lproj/Main.storyboard; sourceTree = "<group>"; };
		7386499A1C88572D0048827C /* Assets.xcassets */ = {isa = PBXFileReference; lastKnownFileType = folder.assetcatalog; path = Assets.xcassets; sourceTree = "<group>"; };
		7386499D1C88572D0048827C /* Base */ = {isa = PBXFileReference; lastKnownFileType = file.storyboard; name = Base; path = Base.lproj/LaunchScreen.storyboard; sourceTree = "<group>"; };
		7386499F1C88572D0048827C /* Info.plist */ = {isa = PBXFileReference; lastKnownFileType = text.plist.xml; path = Info.plist; sourceTree = "<group>"; };
		738649A41C88572D0048827C /* ObjectiveCtrainingTests.xctest */ = {isa = PBXFileReference; explicitFileType = wrapper.cfbundle; includeInIndex = 0; path = ObjectiveCtrainingTests.xctest; sourceTree = BUILT_PRODUCTS_DIR; };
		738649A81C88572D0048827C /* ObjectiveCtrainingTests.m */ = {isa = PBXFileReference; lastKnownFileType = sourcecode.c.objc; path = ObjectiveCtrainingTests.m; sourceTree = "<group>"; };
		738649AA1C88572D0048827C /* Info.plist */ = {isa = PBXFileReference; lastKnownFileType = text.plist.xml; path = Info.plist; sourceTree = "<group>"; };
		738649AF1C88572D0048827C /* ObjectiveCtrainingUITests.xctest */ = {isa = PBXFileReference; explicitFileType = wrapper.cfbundle; includeInIndex = 0; path = ObjectiveCtrainingUITests.xctest; sourceTree = BUILT_PRODUCTS_DIR; };
		738649B31C88572D0048827C /* ObjectiveCtrainingUITests.m */ = {isa = PBXFileReference; lastKnownFileType = sourcecode.c.objc; path = ObjectiveCtrainingUITests.m; sourceTree = "<group>"; };
		738649B51C88572D0048827C /* Info.plist */ = {isa = PBXFileReference; lastKnownFileType = text.plist.xml; path = Info.plist; sourceTree = "<group>"; };
		73AC07FE1C96FAFE00606472 /* Album.h */ = {isa = PBXFileReference; fileEncoding = 4; lastKnownFileType = sourcecode.c.h; path = Album.h; sourceTree = "<group>"; };
		73AC07FF1C96FAFE00606472 /* Album.m */ = {isa = PBXFileReference; fileEncoding = 4; lastKnownFileType = sourcecode.c.objc; path = Album.m; sourceTree = "<group>"; };
		73EB7D681C99AAA50056B9E1 /* AlbumDataController.h */ = {isa = PBXFileReference; fileEncoding = 4; lastKnownFileType = sourcecode.c.h; path = AlbumDataController.h; sourceTree = "<group>"; };
		73EB7D691C99AAA50056B9E1 /* AlbumDataController.m */ = {isa = PBXFileReference; fileEncoding = 4; lastKnownFileType = sourcecode.c.objc; path = AlbumDataController.m; sourceTree = "<group>"; };
/* End PBXFileReference section */

/* Begin PBXFrameworksBuildPhase section */
		738649881C88572C0048827C /* Frameworks */ = {
			isa = PBXFrameworksBuildPhase;
			buildActionMask = 2147483647;
			files = (
			);
			runOnlyForDeploymentPostprocessing = 0;
		};
		738649A11C88572D0048827C /* Frameworks */ = {
			isa = PBXFrameworksBuildPhase;
			buildActionMask = 2147483647;
			files = (
			);
			runOnlyForDeploymentPostprocessing = 0;
		};
		738649AC1C88572D0048827C /* Frameworks */ = {
			isa = PBXFrameworksBuildPhase;
			buildActionMask = 2147483647;
			files = (
			);
			runOnlyForDeploymentPostprocessing = 0;
		};
/* End PBXFrameworksBuildPhase section */

/* Begin PBXGroup section */
		738649821C88572C0048827C = {
			isa = PBXGroup;
			children = (
				7386498D1C88572D0048827C /* ObjectiveCtraining */,
				738649A71C88572D0048827C /* ObjectiveCtrainingTests */,
				738649B21C88572D0048827C /* ObjectiveCtrainingUITests */,
				7386498C1C88572D0048827C /* Products */,
			);
			sourceTree = "<group>";
		};
		7386498C1C88572D0048827C /* Products */ = {
			isa = PBXGroup;
			children = (
				7386498B1C88572D0048827C /* ObjectiveCtraining.app */,
				738649A41C88572D0048827C /* ObjectiveCtrainingTests.xctest */,
				738649AF1C88572D0048827C /* ObjectiveCtrainingUITests.xctest */,
			);
			name = Products;
			sourceTree = "<group>";
		};
		7386498D1C88572D0048827C /* ObjectiveCtraining */ = {
			isa = PBXGroup;
			children = (
				738649911C88572D0048827C /* AppDelegate.h */,
				738649921C88572D0048827C /* AppDelegate.m */,
				738649941C88572D0048827C /* ViewController.h */,
				738649951C88572D0048827C /* ViewController.m */,
				738649971C88572D0048827C /* Main.storyboard */,
				7386499A1C88572D0048827C /* Assets.xcassets */,
				7386499C1C88572D0048827C /* LaunchScreen.storyboard */,
				7386499F1C88572D0048827C /* Info.plist */,
				7386498E1C88572D0048827C /* Supporting Files */,
				73AC07FE1C96FAFE00606472 /* Album.h */,
				73AC07FF1C96FAFE00606472 /* Album.m */,
				73EB7D681C99AAA50056B9E1 /* AlbumDataController.h */,
				73EB7D691C99AAA50056B9E1 /* AlbumDataController.m */,
			);
			path = ObjectiveCtraining;
			sourceTree = "<group>";
		};
		7386498E1C88572D0048827C /* Supporting Files */ = {
			isa = PBXGroup;
			children = (
				7386498F1C88572D0048827C /* main.m */,
			);
			name = "Supporting Files";
			sourceTree = "<group>";
		};
		738649A71C88572D0048827C /* ObjectiveCtrainingTests */ = {
			isa = PBXGroup;
			children = (
				738649A81C88572D0048827C /* ObjectiveCtrainingTests.m */,
				738649AA1C88572D0048827C /* Info.plist */,
			);
			path = ObjectiveCtrainingTests;
			sourceTree = "<group>";
		};
		738649B21C88572D0048827C /* ObjectiveCtrainingUITests */ = {
			isa = PBXGroup;
			children = (
				738649B31C88572D0048827C /* ObjectiveCtrainingUITests.m */,
				738649B51C88572D0048827C /* Info.plist */,
			);
			path = ObjectiveCtrainingUITests;
			sourceTree = "<group>";
		};
/* End PBXGroup section */

/* Begin PBXNativeTarget section */
		7386498A1C88572C0048827C /* ObjectiveCtraining */ = {
			isa = PBXNativeTarget;
			buildConfigurationList = 738649B81C88572D0048827C /* Build configuration list for PBXNativeTarget "ObjectiveCtraining" */;
			buildPhases = (
				738649871C88572C0048827C /* Sources */,
				738649881C88572C0048827C /* Frameworks */,
				738649891C88572C0048827C /* Resources */,
			);
			buildRules = (
			);
			dependencies = (
			);
			name = ObjectiveCtraining;
			productName = ObjectiveCtraining;
			productReference = 7386498B1C88572D0048827C /* ObjectiveCtraining.app */;
			productType = "com.apple.product-type.application";
		};
		738649A31C88572D0048827C /* ObjectiveCtrainingTests */ = {
			isa = PBXNativeTarget;
			buildConfigurationList = 738649BB1C88572D0048827C /* Build configuration list for PBXNativeTarget "ObjectiveCtrainingTests" */;
			buildPhases = (
				738649A01C88572D0048827C /* Sources */,
				738649A11C88572D0048827C /* Frameworks */,
				738649A21C88572D0048827C /* Resources */,
			);
			buildRules = (
			);
			dependencies = (
				738649A61C88572D0048827C /* PBXTargetDependency */,
			);
			name = ObjectiveCtrainingTests;
			productName = ObjectiveCtrainingTests;
			productReference = 738649A41C88572D0048827C /* ObjectiveCtrainingTests.xctest */;
			productType = "com.apple.product-type.bundle.unit-test";
		};
		738649AE1C88572D0048827C /* ObjectiveCtrainingUITests */ = {
			isa = PBXNativeTarget;
			buildConfigurationList = 738649BE1C88572D0048827C /* Build configuration list for PBXNativeTarget "ObjectiveCtrainingUITests" */;
			buildPhases = (
				738649AB1C88572D0048827C /* Sources */,
				738649AC1C88572D0048827C /* Frameworks */,
				738649AD1C88572D0048827C /* Resources */,
			);
			buildRules = (
			);
			dependencies = (
				738649B11C88572D0048827C /* PBXTargetDependency */,
			);
			name = ObjectiveCtrainingUITests;
			productName = ObjectiveCtrainingUITests;
			productReference = 738649AF1C88572D0048827C /* ObjectiveCtrainingUITests.xctest */;
			productType = "com.apple.product-type.bundle.ui-testing";
		};
/* End PBXNativeTarget section */

/* Begin PBXProject section */
		738649831C88572C0048827C /* Project object */ = {
			isa = PBXProject;
			attributes = {
				LastUpgradeCheck = 0720;
				ORGANIZATIONNAME = Moon;
				TargetAttributes = {
					7386498A1C88572C0048827C = {
						CreatedOnToolsVersion = 7.2;
						DevelopmentTeam = X73TF98QRG;
					};
					738649A31C88572D0048827C = {
						CreatedOnToolsVersion = 7.2;
						DevelopmentTeam = X73TF98QRG;
						TestTargetID = 7386498A1C88572C0048827C;
					};
					738649AE1C88572D0048827C = {
						CreatedOnToolsVersion = 7.2;
						DevelopmentTeam = X73TF98QRG;
						TestTargetID = 7386498A1C88572C0048827C;
					};
				};
			};
			buildConfigurationList = 738649861C88572C0048827C /* Build configuration list for PBXProject "ObjectiveCtraining" */;
			compatibilityVersion = "Xcode 3.2";
			developmentRegion = English;
			hasScannedForEncodings = 0;
			knownRegions = (
				en,
				Base,
			);
			mainGroup = 738649821C88572C0048827C;
			productRefGroup = 7386498C1C88572D0048827C /* Products */;
			projectDirPath = "";
			projectRoot = "";
			targets = (
				7386498A1C88572C0048827C /* ObjectiveCtraining */,
				738649A31C88572D0048827C /* ObjectiveCtrainingTests */,
				738649AE1C88572D0048827C /* ObjectiveCtrainingUITests */,
			);
		};
/* End PBXProject section */

/* Begin PBXResourcesBuildPhase section */
		738649891C88572C0048827C /* Resources */ = {
			isa = PBXResourcesBuildPhase;
			buildActionMask = 2147483647;
			files = (
				7386499E1C88572D0048827C /* LaunchScreen.storyboard in Resources */,
				7386499B1C88572D0048827C /* Assets.xcassets in Resources */,
				738649991C88572D0048827C /* Main.storyboard in Resources */,
			);
			runOnlyForDeploymentPostprocessing = 0;
		};
		738649A21C88572D0048827C /* Resources */ = {
			isa = PBXResourcesBuildPhase;
			buildActionMask = 2147483647;
			files = (
			);
			runOnlyForDeploymentPostprocessing = 0;
		};
		738649AD1C88572D0048827C /* Resources */ = {
			isa = PBXResourcesBuildPhase;
			buildActionMask = 2147483647;
			files = (
			);
			runOnlyForDeploymentPostprocessing = 0;
		};
/* End PBXResourcesBuildPhase section */

/* Begin PBXSourcesBuildPhase section */
		738649871C88572C0048827C /* Sources */ = {
			isa = PBXSourcesBuildPhase;
			buildActionMask = 2147483647;
			files = (
				73EB7D6A1C99AAA50056B9E1 /* AlbumDataController.m in Sources */,
				738649961C88572D0048827C /* ViewController.m in Sources */,
				738649931C88572D0048827C /* AppDelegate.m in Sources */,
				738649901C88572D0048827C /* main.m in Sources */,
				73AC08001C96FAFE00606472 /* Album.m in Sources */,
			);
			runOnlyForDeploymentPostprocessing = 0;
		};
		738649A01C88572D0048827C /* Sources */ = {
			isa = PBXSourcesBuildPhase;
			buildActionMask = 2147483647;
			files = (
				738649A91C88572D0048827C /* ObjectiveCtrainingTests.m in Sources */,
			);
			runOnlyForDeploymentPostprocessing = 0;
		};
		738649AB1C88572D0048827C /* Sources */ = {
			isa = PBXSourcesBuildPhase;
			buildActionMask = 2147483647;
			files = (
				738649B41C88572D0048827C /* ObjectiveCtrainingUITests.m in Sources */,
			);
			runOnlyForDeploymentPostprocessing = 0;
		};
/* End PBXSourcesBuildPhase section */

/* Begin PBXTargetDependency section */
		738649A61C88572D0048827C /* PBXTargetDependency */ = {
			isa = PBXTargetDependency;
			target = 7386498A1C88572C0048827C /* ObjectiveCtraining */;
			targetProxy = 738649A51C88572D0048827C /* PBXContainerItemProxy */;
		};
		738649B11C88572D0048827C /* PBXTargetDependency */ = {
			isa = PBXTargetDependency;
			target = 7386498A1C88572C0048827C /* ObjectiveCtraining */;
			targetProxy = 738649B01C88572D0048827C /* PBXContainerItemProxy */;
		};
/* End PBXTargetDependency section */

/* Begin PBXVariantGroup section */
		738649971C88572D0048827C /* Main.storyboard */ = {
			isa = PBXVariantGroup;
			children = (
				738649981C88572D0048827C /* Base */,
			);
			name = Main.storyboard;
			sourceTree = "<group>";
		};
		7386499C1C88572D0048827C /* LaunchScreen.storyboard */ = {
			isa = PBXVariantGroup;
			children = (
				7386499D1C88572D0048827C /* Base */,
			);
			name = LaunchScreen.storyboard;
			sourceTree = "<group>";
		};
/* End PBXVariantGroup section */

/* Begin XCBuildConfiguration section */
		738649B61C88572D0048827C /* Debug */ = {
			isa = XCBuildConfiguration;
			buildSettings = {
				ALWAYS_SEARCH_USER_PATHS = NO;
				CLANG_CXX_LANGUAGE_STANDARD = "gnu++0x";
				CLANG_CXX_LIBRARY = "libc++";
				CLANG_ENABLE_MODULES = YES;
				CLANG_ENABLE_OBJC_ARC = YES;
				CLANG_WARN_BOOL_CONVERSION = YES;
				CLANG_WARN_CONSTANT_CONVERSION = YES;
				CLANG_WARN_DIRECT_OBJC_ISA_USAGE = YES_ERROR;
				CLANG_WARN_EMPTY_BODY = YES;
				CLANG_WARN_ENUM_CONVERSION = YES;
				CLANG_WARN_INT_CONVERSION = YES;
				CLANG_WARN_OBJC_ROOT_CLASS = YES_ERROR;
				CLANG_WARN_UNREACHABLE_CODE = YES;
				CLANG_WARN__DUPLICATE_METHOD_MATCH = YES;
				"CODE_SIGN_IDENTITY[sdk=iphoneos*]" = "iPhone Developer";
				COPY_PHASE_STRIP = NO;
				DEBUG_INFORMATION_FORMAT = dwarf;
				ENABLE_STRICT_OBJC_MSGSEND = YES;
				ENABLE_TESTABILITY = YES;
				GCC_C_LANGUAGE_STANDARD = gnu99;
				GCC_DYNAMIC_NO_PIC = NO;
				GCC_NO_COMMON_BLOCKS = YES;
				GCC_OPTIMIZATION_LEVEL = 0;
				GCC_PREPROCESSOR_DEFINITIONS = (
					"DEBUG=1",
					"$(inherited)",
				);
				GCC_WARN_64_TO_32_BIT_CONVERSION = YES;
				GCC_WARN_ABOUT_RETURN_TYPE = YES_ERROR;
				GCC_WARN_UNDECLARED_SELECTOR = YES;
				GCC_WARN_UNINITIALIZED_AUTOS = YES_AGGRESSIVE;
				GCC_WARN_UNUSED_FUNCTION = YES;
				GCC_WARN_UNUSED_VARIABLE = YES;
				IPHONEOS_DEPLOYMENT_TARGET = 9.2;
				MTL_ENABLE_DEBUG_INFO = YES;
				ONLY_ACTIVE_ARCH = YES;
				SDKROOT = iphoneos;
				TARGETED_DEVICE_FAMILY = "1,2";
			};
			name = Debug;
		};
		738649B71C88572D0048827C /* Release */ = {
			isa = XCBuildConfiguration;
			buildSettings = {
				ALWAYS_SEARCH_USER_PATHS = NO;
				CLANG_CXX_LANGUAGE_STANDARD = "gnu++0x";
				CLANG_CXX_LIBRARY = "libc++";
				CLANG_ENABLE_MODULES = YES;
				CLANG_ENABLE_OBJC_ARC = YES;
				CLANG_WARN_BOOL_CONVERSION = YES;
				CLANG_WARN_CONSTANT_CONVERSION = YES;
				CLANG_WARN_DIRECT_OBJC_ISA_USAGE = YES_ERROR;
				CLANG_WARN_EMPTY_BODY = YES;
				CLANG_WARN_ENUM_CONVERSION = YES;
				CLANG_WARN_INT_CONVERSION = YES;
				CLANG_WARN_OBJC_ROOT_CLASS = YES_ERROR;
				CLANG_WARN_UNREACHABLE_CODE = YES;
				CLANG_WARN__DUPLICATE_METHOD_MATCH = YES;
				"CODE_SIGN_IDENTITY[sdk=iphoneos*]" = "iPhone Developer";
				COPY_PHASE_STRIP = NO;
				DEBUG_INFORMATION_FORMAT = "dwarf-with-dsym";
				ENABLE_NS_ASSERTIONS = NO;
				ENABLE_STRICT_OBJC_MSGSEND = YES;
				GCC_C_LANGUAGE_STANDARD = gnu99;
				GCC_NO_COMMON_BLOCKS = YES;
				GCC_WARN_64_TO_32_BIT_CONVERSION = YES;
				GCC_WARN_ABOUT_RETURN_TYPE = YES_ERROR;
				GCC_WARN_UNDECLARED_SELECTOR = YES;
				GCC_WARN_UNINITIALIZED_AUTOS = YES_AGGRESSIVE;
				GCC_WARN_UNUSED_FUNCTION = YES;
				GCC_WARN_UNUSED_VARIABLE = YES;
				IPHONEOS_DEPLOYMENT_TARGET = 9.2;
				MTL_ENABLE_DEBUG_INFO = NO;
				SDKROOT = iphoneos;
				TARGETED_DEVICE_FAMILY = "1,2";
				VALIDATE_PRODUCT = YES;
			};
			name = Release;
		};
		738649B91C88572D0048827C /* Debug */ = {
			isa = XCBuildConfiguration;
			buildSettings = {
				ASSETCATALOG_COMPILER_APPICON_NAME = AppIcon;
				INFOPLIST_FILE = ObjectiveCtraining/Info.plist;
				LD_RUNPATH_SEARCH_PATHS = "$(inherited) @executable_path/Frameworks";
				PRODUCT_BUNDLE_IDENTIFIER = AdeptaLibertate.ObjectiveCtraining;
				PRODUCT_NAME = "$(TARGET_NAME)";
			};
			name = Debug;
		};
		738649BA1C88572D0048827C /* Release */ = {
			isa = XCBuildConfiguration;
			buildSettings = {
				ASSETCATALOG_COMPILER_APPICON_NAME = AppIcon;
				INFOPLIST_FILE = ObjectiveCtraining/Info.plist;
				LD_RUNPATH_SEARCH_PATHS = "$(inherited) @executable_path/Frameworks";
				PRODUCT_BUNDLE_IDENTIFIER = AdeptaLibertate.ObjectiveCtraining;
				PRODUCT_NAME = "$(TARGET_NAME)";
			};
			name = Release;
		};
		738649BC1C88572D0048827C /* Debug */ = {
			isa = XCBuildConfiguration;
			buildSettings = {
				BUNDLE_LOADER = "$(TEST_HOST)";
				INFOPLIST_FILE = ObjectiveCtrainingTests/Info.plist;
				LD_RUNPATH_SEARCH_PATHS = "$(inherited) @executable_path/Frameworks @loader_path/Frameworks";
				PRODUCT_BUNDLE_IDENTIFIER = AdeptaLibertate.ObjectiveCtrainingTests;
				PRODUCT_NAME = "$(TARGET_NAME)";
				TEST_HOST = "$(BUILT_PRODUCTS_DIR)/ObjectiveCtraining.app/ObjectiveCtraining";
			};
			name = Debug;
		};
		738649BD1C88572D0048827C /* Release */ = {
			isa = XCBuildConfiguration;
			buildSettings = {
				BUNDLE_LOADER = "$(TEST_HOST)";
				INFOPLIST_FILE = ObjectiveCtrainingTests/Info.plist;
				LD_RUNPATH_SEARCH_PATHS = "$(inherited) @executable_path/Frameworks @loader_path/Frameworks";
				PRODUCT_BUNDLE_IDENTIFIER = AdeptaLibertate.ObjectiveCtrainingTests;
				PRODUCT_NAME = "$(TARGET_NAME)";
				TEST_HOST = "$(BUILT_PRODUCTS_DIR)/ObjectiveCtraining.app/ObjectiveCtraining";
			};
			name = Release;
		};
		738649BF1C88572D0048827C /* Debug */ = {
			isa = XCBuildConfiguration;
			buildSettings = {
				INFOPLIST_FILE = ObjectiveCtrainingUITests/Info.plist;
				LD_RUNPATH_SEARCH_PATHS = "$(inherited) @executable_path/Frameworks @loader_path/Frameworks";
				PRODUCT_BUNDLE_IDENTIFIER = AdeptaLibertate.ObjectiveCtrainingUITests;
				PRODUCT_NAME = "$(TARGET_NAME)";
				TEST_TARGET_NAME = ObjectiveCtraining;
				USES_XCTRUNNER = YES;
			};
			name = Debug;
		};
		738649C01C88572D0048827C /* Release */ = {
			isa = XCBuildConfiguration;
			buildSettings = {
				INFOPLIST_FILE = ObjectiveCtrainingUITests/Info.plist;
				LD_RUNPATH_SEARCH_PATHS = "$(inherited) @executable_path/Frameworks @loader_path/Frameworks";
				PRODUCT_BUNDLE_IDENTIFIER = AdeptaLibertate.ObjectiveCtrainingUITests;
				PRODUCT_NAME = "$(TARGET_NAME)";
				TEST_TARGET_NAME = ObjectiveCtraining;
				USES_XCTRUNNER = YES;
			};
			name = Release;
		};
/* End XCBuildConfiguration section */

/* Begin XCConfigurationList section */
		738649861C88572C0048827C /* Build configuration list for PBXProject "ObjectiveCtraining" */ = {
			isa = XCConfigurationList;
			buildConfigurations = (
				738649B61C88572D0048827C /* Debug */,
				738649B71C88572D0048827C /* Release */,
			);
			defaultConfigurationIsVisible = 0;
			defaultConfigurationName = Release;
		};
		738649B81C88572D0048827C /* Build configuration list for PBXNativeTarget "ObjectiveCtraining" */ = {
			isa = XCConfigurationList;
			buildConfigurations = (
				738649B91C88572D0048827C /* Debug */,
				738649BA1C88572D0048827C /* Release */,
			);
			defaultConfigurationIsVisible = 0;
			defaultConfigurationName = Release;
		};
		738649BB1C88572D0048827C /* Build configuration list for PBXNativeTarget "ObjectiveCtrainingTests" */ = {
			isa = XCConfigurationList;
			buildConfigurations = (
				738649BC1C88572D0048827C /* Debug */,
				738649BD1C88572D0048827C /* Release */,
			);
			defaultConfigurationIsVisible = 0;
			defaultConfigurationName = Release;
		};
		738649BE1C88572D0048827C /* Build configuration list for PBXNativeTarget "ObjectiveCtrainingUITests" */ = {
			isa = XCConfigurationList;
			buildConfigurations = (
				738649BF1C88572D0048827C /* Debug */,
				738649C01C88572D0048827C /* Release */,
			);
			defaultConfigurationIsVisible = 0;
			defaultConfigurationName = Release;
		};
/* End XCConfigurationList section */
	};
	rootObject = 738649831C88572C0048827C /* Project object */;
}
